{
  "name": "typescript-bug-demo",
  "version": "1.0.0",
  "lockfileVersion": 1,
  "requires": true,
  "dependencies": {
    "typescript": {
      "version": "4.0.0-dev.20200512",
      "resolved": "https://registry.npmjs.org/typescript/-/typescript-4.0.0-dev.20200512.tgz",
      "integrity": "sha512-ZsVvhdxpQaA6KpjlT8wNNtweORzNsMtwgCo8viKWQmOvaU+BlMsd3MjD2LONQjFSiETCaw4uq0nNdyfKrCjjIw==",
      "dev": true
    }
  }
}
